
Microsoft Visual Studio Solution File, Format Version 12.00
# Visual Studio Version 17
VisualStudioVersion = 17.10.35122.118
MinimumVisualStudioVersion = 10.0.40219.1
Project("{FAE04EC0-301F-11D3-BF4B-00C04F79EFBC}") = "HTTPLessonApi", "HTTPLessonApi\HTTPLessonApi.csproj", "{2BEEB99E-D7E5-474F-A879-83219A190A62}"
EndProject
Global
	GlobalSection(SolutionConfigurationPlatforms) = preSolution
		Debug|Any CPU = Debug|Any CPU
		Release|Any CPU = Release|Any CPU
	EndGlobalSection
	GlobalSection(ProjectConfigurationPlatforms) = postSolution
		{2BEEB99E-D7E5-474F-A879-83219A190A62}.Debug|Any CPU.ActiveCfg = Debug|Any CPU
		{2BEEB99E-D7E5-474F-A879-83219A190A62}.Debug|Any CPU.Build.0 = Debug|Any CPU
		{2BEEB99E-D7E5-474F-A879-83219A190A62}.Release|Any CPU.ActiveCfg = Release|Any CPU
		{2BEEB99E-D7E5-474F-A879-83219A190A62}.Release|Any CPU.Build.0 = Release|Any CPU
	EndGlobalSection
	GlobalSection(SolutionProperties) = preSolution
		HideSolutionNode = FALSE
	EndGlobalSection
	GlobalSection(ExtensibilityGlobals) = postSolution
		SolutionGuid = {7F7440D8-B5A3-47C8-89C0-A1F1BD9B0550}
	EndGlobalSection
EndGlobal
